
Microsoft Visual Studio Solution File, Format Version 12.00
# Visual Studio Version 17
VisualStudioVersion = 17.14.36301.6
MinimumVisualStudioVersion = 16.0.0.0
Project("{FAE04EC0-301F-11D3-BF4B-00C04F79EFBC}") = "Mercurius.LAN.Web", "src\Mercurius.LAN.Web\Mercurius.LAN.Web.csproj", "{671D9EA6-DFCB-E3F2-49E1-98C10DE2B425}"
EndProject
Global
	GlobalSection(SolutionConfigurationPlatforms) = preSolution
		Debug|Any CPU = Debug|Any CPU
		Release|Any CPU = Release|Any CPU
	EndGlobalSection
	GlobalSection(ProjectConfigurationPlatforms) = postSolution
		{671D9EA6-DFCB-E3F2-49E1-98C10DE2B425}.Debug|Any CPU.ActiveCfg = Debug|Any CPU
		{671D9EA6-DFCB-E3F2-49E1-98C10DE2B425}.Debug|Any CPU.Build.0 = Debug|Any CPU
		{671D9EA6-DFCB-E3F2-49E1-98C10DE2B425}.Release|Any CPU.ActiveCfg = Release|Any CPU
		{671D9EA6-DFCB-E3F2-49E1-98C10DE2B425}.Release|Any CPU.Build.0 = Release|Any CPU
	EndGlobalSection
	GlobalSection(SolutionProperties) = preSolution
		HideSolutionNode = FALSE
	EndGlobalSection
	GlobalSection(ExtensibilityGlobals) = postSolution
		SolutionGuid = {E64D4A56-7ACB-4A3E-B504-3B050C39FA7C}
	EndGlobalSection
EndGlobal
